
Microsoft Visual Studio Solution File, Format Version 12.00
# Visual Studio Version 17
VisualStudioVersion = 17.7.34024.191
MinimumVisualStudioVersion = 10.0.40219.1
Project("{FAE04EC0-301F-11D3-BF4B-00C04F79EFBC}") = "testing_ezhednevnik2", "testing_ezhednevnik2.csproj", "{B79C2AE5-1F1A-44EA-A666-86B7927DA9DE}"
EndProject
Global
	GlobalSection(SolutionConfigurationPlatforms) = preSolution
		Debug|Any CPU = Debug|Any CPU
		Release|Any CPU = Release|Any CPU
	EndGlobalSection
	GlobalSection(ProjectConfigurationPlatforms) = postSolution
		{B79C2AE5-1F1A-44EA-A666-86B7927DA9DE}.Debug|Any CPU.ActiveCfg = Debug|Any CPU
		{B79C2AE5-1F1A-44EA-A666-86B7927DA9DE}.Debug|Any CPU.Build.0 = Debug|Any CPU
		{B79C2AE5-1F1A-44EA-A666-86B7927DA9DE}.Release|Any CPU.ActiveCfg = Release|Any CPU
		{B79C2AE5-1F1A-44EA-A666-86B7927DA9DE}.Release|Any CPU.Build.0 = Release|Any CPU
	EndGlobalSection
	GlobalSection(SolutionProperties) = preSolution
		HideSolutionNode = FALSE
	EndGlobalSection
	GlobalSection(ExtensibilityGlobals) = postSolution
		SolutionGuid = {AC3E1809-4B7D-4E1A-ACD4-8E8251044551}
	EndGlobalSection
EndGlobal
